
Microsoft Visual Studio Solution File, Format Version 12.00
# Visual Studio 15
Project("{FAE04EC0-301F-11D3-BF4B-00C04F79EFBC}") = "NavMeshPlus", "NavMeshPlus.csproj", "{82934CFF-8709-6183-F8B4-CAEF02D29447}"
EndProject
Project("{FAE04EC0-301F-11D3-BF4B-00C04F79EFBC}") = "Assembly-CSharp-firstpass", "Assembly-CSharp-firstpass.csproj", "{204088F8-1CFB-D701-FFDF-869DA6F5C586}"
EndProject
Project("{FAE04EC0-301F-11D3-BF4B-00C04F79EFBC}") = "Assembly-CSharp", "Assembly-CSharp.csproj", "{DD079D0D-9CD9-7282-EE78-0C914DA61DF8}"
EndProject
Project("{FAE04EC0-301F-11D3-BF4B-00C04F79EFBC}") = "NavMeshPlusEditor", "NavMeshPlusEditor.csproj", "{61FF35B1-E4E2-BBC7-D285-70CA1E2FC0B5}"
EndProject
Project("{FAE04EC0-301F-11D3-BF4B-00C04F79EFBC}") = "NavMeshPlus", "NavMeshPlus.Player.csproj", "{0B93AF31-180D-D018-B4DE-1280294CA5C6}"
EndProject
Project("{FAE04EC0-301F-11D3-BF4B-00C04F79EFBC}") = "Assembly-CSharp-firstpass", "Assembly-CSharp-firstpass.Player.csproj", "{5015D11A-E05A-55D2-98D7-D06EC1AEE45E}"
EndProject
Project("{FAE04EC0-301F-11D3-BF4B-00C04F79EFBC}") = "Assembly-CSharp", "Assembly-CSharp.Player.csproj", "{68F939A0-6F5E-B464-504F-6D1F8EA44980}"
EndProject
Global
	GlobalSection(SolutionConfigurationPlatforms) = preSolution
		Debug|Any CPU = Debug|Any CPU
		Release|Any CPU = Release|Any CPU
	EndGlobalSection
	GlobalSection(ProjectConfigurationPlatforms) = postSolution
		{82934CFF-8709-6183-F8B4-CAEF02D29447}.Debug|Any CPU.ActiveCfg = Debug|Any CPU
		{82934CFF-8709-6183-F8B4-CAEF02D29447}.Debug|Any CPU.Build.0 = Debug|Any CPU
		{82934CFF-8709-6183-F8B4-CAEF02D29447}.Release|Any CPU.ActiveCfg = Release|Any CPU
		{82934CFF-8709-6183-F8B4-CAEF02D29447}.Release|Any CPU.Build.0 = Release|Any CPU
		{204088F8-1CFB-D701-FFDF-869DA6F5C586}.Debug|Any CPU.ActiveCfg = Debug|Any CPU
		{204088F8-1CFB-D701-FFDF-869DA6F5C586}.Debug|Any CPU.Build.0 = Debug|Any CPU
		{204088F8-1CFB-D701-FFDF-869DA6F5C586}.Release|Any CPU.ActiveCfg = Release|Any CPU
		{204088F8-1CFB-D701-FFDF-869DA6F5C586}.Release|Any CPU.Build.0 = Release|Any CPU
		{DD079D0D-9CD9-7282-EE78-0C914DA61DF8}.Debug|Any CPU.ActiveCfg = Debug|Any CPU
		{DD079D0D-9CD9-7282-EE78-0C914DA61DF8}.Debug|Any CPU.Build.0 = Debug|Any CPU
		{DD079D0D-9CD9-7282-EE78-0C914DA61DF8}.Release|Any CPU.ActiveCfg = Release|Any CPU
		{DD079D0D-9CD9-7282-EE78-0C914DA61DF8}.Release|Any CPU.Build.0 = Release|Any CPU
		{61FF35B1-E4E2-BBC7-D285-70CA1E2FC0B5}.Debug|Any CPU.ActiveCfg = Debug|Any CPU
		{61FF35B1-E4E2-BBC7-D285-70CA1E2FC0B5}.Debug|Any CPU.Build.0 = Debug|Any CPU
		{61FF35B1-E4E2-BBC7-D285-70CA1E2FC0B5}.Release|Any CPU.ActiveCfg = Release|Any CPU
		{61FF35B1-E4E2-BBC7-D285-70CA1E2FC0B5}.Release|Any CPU.Build.0 = Release|Any CPU
		{0B93AF31-180D-D018-B4DE-1280294CA5C6}.Debug|Any CPU.ActiveCfg = Debug|Any CPU
		{0B93AF31-180D-D018-B4DE-1280294CA5C6}.Debug|Any CPU.Build.0 = Debug|Any CPU
		{0B93AF31-180D-D018-B4DE-1280294CA5C6}.Release|Any CPU.ActiveCfg = Release|Any CPU
		{0B93AF31-180D-D018-B4DE-1280294CA5C6}.Release|Any CPU.Build.0 = Release|Any CPU
		{5015D11A-E05A-55D2-98D7-D06EC1AEE45E}.Debug|Any CPU.ActiveCfg = Debug|Any CPU
		{5015D11A-E05A-55D2-98D7-D06EC1AEE45E}.Debug|Any CPU.Build.0 = Debug|Any CPU
		{5015D11A-E05A-55D2-98D7-D06EC1AEE45E}.Release|Any CPU.ActiveCfg = Release|Any CPU
		{5015D11A-E05A-55D2-98D7-D06EC1AEE45E}.Release|Any CPU.Build.0 = Release|Any CPU
		{68F939A0-6F5E-B464-504F-6D1F8EA44980}.Debug|Any CPU.ActiveCfg = Debug|Any CPU
		{68F939A0-6F5E-B464-504F-6D1F8EA44980}.Debug|Any CPU.Build.0 = Debug|Any CPU
		{68F939A0-6F5E-B464-504F-6D1F8EA44980}.Release|Any CPU.ActiveCfg = Release|Any CPU
		{68F939A0-6F5E-B464-504F-6D1F8EA44980}.Release|Any CPU.Build.0 = Release|Any CPU
	EndGlobalSection
	GlobalSection(SolutionProperties) = preSolution
		HideSolutionNode = FALSE
	EndGlobalSection
EndGlobal
